
Microsoft Visual Studio Solution File, Format Version 12.00
# Visual Studio Version 17
VisualStudioVersion = 17.13.35825.156 d17.13
MinimumVisualStudioVersion = 10.0.40219.1
Project("{FAE04EC0-301F-11D3-BF4B-00C04F79EFBC}") = "TravelList", "TravelList\TravelList.csproj", "{47C1050E-27F2-4CBC-B931-76634E453728}"
EndProject
Global
	GlobalSection(SolutionConfigurationPlatforms) = preSolution
		Debug|Any CPU = Debug|Any CPU
		Release|Any CPU = Release|Any CPU
	EndGlobalSection
	GlobalSection(ProjectConfigurationPlatforms) = postSolution
		{47C1050E-27F2-4CBC-B931-76634E453728}.Debug|Any CPU.ActiveCfg = Debug|Any CPU
		{47C1050E-27F2-4CBC-B931-76634E453728}.Debug|Any CPU.Build.0 = Debug|Any CPU
		{47C1050E-27F2-4CBC-B931-76634E453728}.Release|Any CPU.ActiveCfg = Release|Any CPU
		{47C1050E-27F2-4CBC-B931-76634E453728}.Release|Any CPU.Build.0 = Release|Any CPU
	EndGlobalSection
	GlobalSection(SolutionProperties) = preSolution
		HideSolutionNode = FALSE
	EndGlobalSection
	GlobalSection(ExtensibilityGlobals) = postSolution
		SolutionGuid = {B5B25AA2-2813-43C2-8834-E9AECDFAA327}
	EndGlobalSection
EndGlobal
